// !$*UTF8*$!
{
	archiveVersion = 1;
	classes = {
	};
	objectVersion = 48;
	objects = {

/* Begin PBXBuildFile section */
		4831D4F4203F094800D65F25 /* AppDelegate.swift in Sources */ = {isa = PBXBuildFile; fileRef = 4831D4F3203F094800D65F25 /* AppDelegate.swift */; };
		4831D4F6203F094800D65F25 /* ViewController.swift in Sources */ = {isa = PBXBuildFile; fileRef = 4831D4F5203F094800D65F25 /* ViewController.swift */; };
		4831D4F9203F094800D65F25 /* Main.storyboard in Resources */ = {isa = PBXBuildFile; fileRef = 4831D4F7203F094800D65F25 /* Main.storyboard */; };
		4831D4FC203F094800D65F25 /* mcdonald_Locator.xcdatamodeld in Sources */ = {isa = PBXBuildFile; fileRef = 4831D4FA203F094800D65F25 /* mcdonald_Locator.xcdatamodeld */; };
		4831D4FE203F094800D65F25 /* Assets.xcassets in Resources */ = {isa = PBXBuildFile; fileRef = 4831D4FD203F094800D65F25 /* Assets.xcassets */; };
		4831D501203F094800D65F25 /* LaunchScreen.storyboard in Resources */ = {isa = PBXBuildFile; fileRef = 4831D4FF203F094800D65F25 /* LaunchScreen.storyboard */; };
		4831D50C203F094800D65F25 /* mcdonald_LocatorTests.swift in Sources */ = {isa = PBXBuildFile; fileRef = 4831D50B203F094800D65F25 /* mcdonald_LocatorTests.swift */; };
		4831D517203F094800D65F25 /* mcdonald_LocatorUITests.swift in Sources */ = {isa = PBXBuildFile; fileRef = 4831D516203F094800D65F25 /* mcdonald_LocatorUITests.swift */; };
/* End PBXBuildFile section */

/* Begin PBXContainerItemProxy section */
		4831D508203F094800D65F25 /* PBXContainerItemProxy */ = {
			isa = PBXContainerItemProxy;
			containerPortal = 4831D4E8203F094800D65F25 /* Project object */;
			proxyType = 1;
			remoteGlobalIDString = 4831D4EF203F094800D65F25;
			remoteInfo = "mcdonald Locator";
		};
		4831D513203F094800D65F25 /* PBXContainerItemProxy */ = {
			isa = PBXContainerItemProxy;
			containerPortal = 4831D4E8203F094800D65F25 /* Project object */;
			proxyType = 1;
			remoteGlobalIDString = 4831D4EF203F094800D65F25;
			remoteInfo = "mcdonald Locator";
		};
/* End PBXContainerItemProxy section */

/* Begin PBXFileReference section */
		4831D4F0203F094800D65F25 /* mcdonald Locator.app */ = {isa = PBXFileReference; explicitFileType = wrapper.application; includeInIndex = 0; path = "mcdonald Locator.app"; sourceTree = BUILT_PRODUCTS_DIR; };
		4831D4F3203F094800D65F25 /* AppDelegate.swift */ = {isa = PBXFileReference; lastKnownFileType = sourcecode.swift; path = AppDelegate.swift; sourceTree = "<group>"; };
		4831D4F5203F094800D65F25 /* ViewController.swift */ = {isa = PBXFileReference; lastKnownFileType = sourcecode.swift; path = ViewController.swift; sourceTree = "<group>"; };
		4831D4F8203F094800D65F25 /* Base */ = {isa = PBXFileReference; lastKnownFileType = file.storyboard; name = Base; path = Base.lproj/Main.storyboard; sourceTree = "<group>"; };
		4831D4FB203F094800D65F25 /* mcdonald_Locator.xcdatamodel */ = {isa = PBXFileReference; lastKnownFileType = wrapper.xcdatamodel; path = mcdonald_Locator.xcdatamodel; sourceTree = "<group>"; };
		4831D4FD203F094800D65F25 /* Assets.xcassets */ = {isa = PBXFileReference; lastKnownFileType = folder.assetcatalog; path = Assets.xcassets; sourceTree = "<group>"; };
		4831D500203F094800D65F25 /* Base */ = {isa = PBXFileReference; lastKnownFileType = file.storyboard; name = Base; path = Base.lproj/LaunchScreen.storyboard; sourceTree = "<group>"; };
		4831D502203F094800D65F25 /* Info.plist */ = {isa = PBXFileReference; lastKnownFileType = text.plist.xml; path = Info.plist; sourceTree = "<group>"; };
		4831D507203F094800D65F25 /* mcdonald LocatorTests.xctest */ = {isa = PBXFileReference; explicitFileType = wrapper.cfbundle; includeInIndex = 0; path = "mcdonald LocatorTests.xctest"; sourceTree = BUILT_PRODUCTS_DIR; };
		4831D50B203F094800D65F25 /* mcdonald_LocatorTests.swift */ = {isa = PBXFileReference; lastKnownFileType = sourcecode.swift; path = mcdonald_LocatorTests.swift; sourceTree = "<group>"; };
		4831D50D203F094800D65F25 /* Info.plist */ = {isa = PBXFileReference; lastKnownFileType = text.plist.xml; path = Info.plist; sourceTree = "<group>"; };
		4831D512203F094800D65F25 /* mcdonald LocatorUITests.xctest */ = {isa = PBXFileReference; explicitFileType = wrapper.cfbundle; includeInIndex = 0; path = "mcdonald LocatorUITests.xctest"; sourceTree = BUILT_PRODUCTS_DIR; };
		4831D516203F094800D65F25 /* mcdonald_LocatorUITests.swift */ = {isa = PBXFileReference; lastKnownFileType = sourcecode.swift; path = mcdonald_LocatorUITests.swift; sourceTree = "<group>"; };
		4831D518203F094800D65F25 /* Info.plist */ = {isa = PBXFileReference; lastKnownFileType = text.plist.xml; path = Info.plist; sourceTree = "<group>"; };
/* End PBXFileReference section */

/* Begin PBXFrameworksBuildPhase section */
		4831D4ED203F094800D65F25 /* Frameworks */ = {
			isa = PBXFrameworksBuildPhase;
			buildActionMask = 2147483647;
			files = (
			);
			runOnlyForDeploymentPostprocessing = 0;
		};
		4831D504203F094800D65F25 /* Frameworks */ = {
			isa = PBXFrameworksBuildPhase;
			buildActionMask = 2147483647;
			files = (
			);
			runOnlyForDeploymentPostprocessing = 0;
		};
		4831D50F203F094800D65F25 /* Frameworks */ = {
			isa = PBXFrameworksBuildPhase;
			buildActionMask = 2147483647;
			files = (
			);
			runOnlyForDeploymentPostprocessing = 0;
		};
/* End PBXFrameworksBuildPhase section */

/* Begin PBXGroup section */
		4831D4E7203F094800D65F25 = {
			isa = PBXGroup;
			children = (
				4831D4F2203F094800D65F25 /* mcdonald Locator */,
				4831D50A203F094800D65F25 /* mcdonald LocatorTests */,
				4831D515203F094800D65F25 /* mcdonald LocatorUITests */,
				4831D4F1203F094800D65F25 /* Products */,
			);
			sourceTree = "<group>";
		};
		4831D4F1203F094800D65F25 /* Products */ = {
			isa = PBXGroup;
			children = (
				4831D4F0203F094800D65F25 /* mcdonald Locator.app */,
				4831D507203F094800D65F25 /* mcdonald LocatorTests.xctest */,
				4831D512203F094800D65F25 /* mcdonald LocatorUITests.xctest */,
			);
			name = Products;
			sourceTree = "<group>";
		};
		4831D4F2203F094800D65F25 /* mcdonald Locator */ = {
			isa = PBXGroup;
			children = (
				4831D4F3203F094800D65F25 /* AppDelegate.swift */,
				4831D4F5203F094800D65F25 /* ViewController.swift */,
				4831D4F7203F094800D65F25 /* Main.storyboard */,
				4831D4FD203F094800D65F25 /* Assets.xcassets */,
				4831D4FF203F094800D65F25 /* LaunchScreen.storyboard */,
				4831D502203F094800D65F25 /* Info.plist */,
				4831D4FA203F094800D65F25 /* mcdonald_Locator.xcdatamodeld */,
			);
			path = "mcdonald Locator";
			sourceTree = "<group>";
		};
		4831D50A203F094800D65F25 /* mcdonald LocatorTests */ = {
			isa = PBXGroup;
			children = (
				4831D50B203F094800D65F25 /* mcdonald_LocatorTests.swift */,
				4831D50D203F094800D65F25 /* Info.plist */,
			);
			path = "mcdonald LocatorTests";
			sourceTree = "<group>";
		};
		4831D515203F094800D65F25 /* mcdonald LocatorUITests */ = {
			isa = PBXGroup;
			children = (
				4831D516203F094800D65F25 /* mcdonald_LocatorUITests.swift */,
				4831D518203F094800D65F25 /* Info.plist */,
			);
			path = "mcdonald LocatorUITests";
			sourceTree = "<group>";
		};
/* End PBXGroup section */

/* Begin PBXNativeTarget section */
		4831D4EF203F094800D65F25 /* mcdonald Locator */ = {
			isa = PBXNativeTarget;
			buildConfigurationList = 4831D51B203F094800D65F25 /* Build configuration list for PBXNativeTarget "mcdonald Locator" */;
			buildPhases = (
				4831D4EC203F094800D65F25 /* Sources */,
				4831D4ED203F094800D65F25 /* Frameworks */,
				4831D4EE203F094800D65F25 /* Resources */,
			);
			buildRules = (
			);
			dependencies = (
			);
			name = "mcdonald Locator";
			productName = "mcdonald Locator";
			productReference = 4831D4F0203F094800D65F25 /* mcdonald Locator.app */;
			productType = "com.apple.product-type.application";
		};
		4831D506203F094800D65F25 /* mcdonald LocatorTests */ = {
			isa = PBXNativeTarget;
			buildConfigurationList = 4831D51E203F094800D65F25 /* Build configuration list for PBXNativeTarget "mcdonald LocatorTests" */;
			buildPhases = (
				4831D503203F094800D65F25 /* Sources */,
				4831D504203F094800D65F25 /* Frameworks */,
				4831D505203F094800D65F25 /* Resources */,
			);
			buildRules = (
			);
			dependencies = (
				4831D509203F094800D65F25 /* PBXTargetDependency */,
			);
			name = "mcdonald LocatorTests";
			productName = "mcdonald LocatorTests";
			productReference = 4831D507203F094800D65F25 /* mcdonald LocatorTests.xctest */;
			productType = "com.apple.product-type.bundle.unit-test";
		};
		4831D511203F094800D65F25 /* mcdonald LocatorUITests */ = {
			isa = PBXNativeTarget;
			buildConfigurationList = 4831D521203F094800D65F25 /* Build configuration list for PBXNativeTarget "mcdonald LocatorUITests" */;
			buildPhases = (
				4831D50E203F094800D65F25 /* Sources */,
				4831D50F203F094800D65F25 /* Frameworks */,
				4831D510203F094800D65F25 /* Resources */,
			);
			buildRules = (
			);
			dependencies = (
				4831D514203F094800D65F25 /* PBXTargetDependency */,
			);
			name = "mcdonald LocatorUITests";
			productName = "mcdonald LocatorUITests";
			productReference = 4831D512203F094800D65F25 /* mcdonald LocatorUITests.xctest */;
			productType = "com.apple.product-type.bundle.ui-testing";
		};
/* End PBXNativeTarget section */

/* Begin PBXProject section */
		4831D4E8203F094800D65F25 /* Project object */ = {
			isa = PBXProject;
			attributes = {
				LastSwiftUpdateCheck = 0920;
				LastUpgradeCheck = 0920;
				ORGANIZATIONNAME = Kyle;
				TargetAttributes = {
					4831D4EF203F094800D65F25 = {
						CreatedOnToolsVersion = 9.2;
						ProvisioningStyle = Automatic;
					};
					4831D506203F094800D65F25 = {
						CreatedOnToolsVersion = 9.2;
						ProvisioningStyle = Automatic;
						TestTargetID = 4831D4EF203F094800D65F25;
					};
					4831D511203F094800D65F25 = {
						CreatedOnToolsVersion = 9.2;
						ProvisioningStyle = Automatic;
						TestTargetID = 4831D4EF203F094800D65F25;
					};
				};
			};
			buildConfigurationList = 4831D4EB203F094800D65F25 /* Build configuration list for PBXProject "mcdonald Locator" */;
			compatibilityVersion = "Xcode 8.0";
			developmentRegion = en;
			hasScannedForEncodings = 0;
			knownRegions = (
				en,
				Base,
			);
			mainGroup = 4831D4E7203F094800D65F25;
			productRefGroup = 4831D4F1203F094800D65F25 /* Products */;
			projectDirPath = "";
			projectRoot = "";
			targets = (
				4831D4EF203F094800D65F25 /* mcdonald Locator */,
				4831D506203F094800D65F25 /* mcdonald LocatorTests */,
				4831D511203F094800D65F25 /* mcdonald LocatorUITests */,
			);
		};
/* End PBXProject section */

/* Begin PBXResourcesBuildPhase section */
		4831D4EE203F094800D65F25 /* Resources */ = {
			isa = PBXResourcesBuildPhase;
			buildActionMask = 2147483647;
			files = (
				4831D501203F094800D65F25 /* LaunchScreen.storyboard in Resources */,
				4831D4FE203F094800D65F25 /* Assets.xcassets in Resources */,
				4831D4F9203F094800D65F25 /* Main.storyboard in Resources */,
			);
			runOnlyForDeploymentPostprocessing = 0;
		};
		4831D505203F094800D65F25 /* Resources */ = {
			isa = PBXResourcesBuildPhase;
			buildActionMask = 2147483647;
			files = (
			);
			runOnlyForDeploymentPostprocessing = 0;
		};
		4831D510203F094800D65F25 /* Resources */ = {
			isa = PBXResourcesBuildPhase;
			buildActionMask = 2147483647;
			files = (
			);
			runOnlyForDeploymentPostprocessing = 0;
		};
/* End PBXResourcesBuildPhase section */

/* Begin PBXSourcesBuildPhase section */
		4831D4EC203F094800D65F25 /* Sources */ = {
			isa = PBXSourcesBuildPhase;
			buildActionMask = 2147483647;
			files = (
				4831D4FC203F094800D65F25 /* mcdonald_Locator.xcdatamodeld in Sources */,
				4831D4F6203F094800D65F25 /* ViewController.swift in Sources */,
				4831D4F4203F094800D65F25 /* AppDelegate.swift in Sources */,
			);
			runOnlyForDeploymentPostprocessing = 0;
		};
		4831D503203F094800D65F25 /* Sources */ = {
			isa = PBXSourcesBuildPhase;
			buildActionMask = 2147483647;
			files = (
				4831D50C203F094800D65F25 /* mcdonald_LocatorTests.swift in Sources */,
			);
			runOnlyForDeploymentPostprocessing = 0;
		};
		4831D50E203F094800D65F25 /* Sources */ = {
			isa = PBXSourcesBuildPhase;
			buildActionMask = 2147483647;
			files = (
				4831D517203F094800D65F25 /* mcdonald_LocatorUITests.swift in Sources */,
			);
			runOnlyForDeploymentPostprocessing = 0;
		};
/* End PBXSourcesBuildPhase section */

/* Begin PBXTargetDependency section */
		4831D509203F094800D65F25 /* PBXTargetDependency */ = {
			isa = PBXTargetDependency;
			target = 4831D4EF203F094800D65F25 /* mcdonald Locator */;
			targetProxy = 4831D508203F094800D65F25 /* PBXContainerItemProxy */;
		};
		4831D514203F094800D65F25 /* PBXTargetDependency */ = {
			isa = PBXTargetDependency;
			target = 4831D4EF203F094800D65F25 /* mcdonald Locator */;
			targetProxy = 4831D513203F094800D65F25 /* PBXContainerItemProxy */;
		};
/* End PBXTargetDependency section */

/* Begin PBXVariantGroup section */
		4831D4F7203F094800D65F25 /* Main.storyboard */ = {
			isa = PBXVariantGroup;
			children = (
				4831D4F8203F094800D65F25 /* Base */,
			);
			name = Main.storyboard;
			sourceTree = "<group>";
		};
		4831D4FF203F094800D65F25 /* LaunchScreen.storyboard */ = {
			isa = PBXVariantGroup;
			children = (
				4831D500203F094800D65F25 /* Base */,
			);
			name = LaunchScreen.storyboard;
			sourceTree = "<group>";
		};
/* End PBXVariantGroup section */

/* Begin XCBuildConfiguration section */
		4831D519203F094800D65F25 /* Debug */ = {
			isa = XCBuildConfiguration;
			buildSettings = {
				ALWAYS_SEARCH_USER_PATHS = NO;
				CLANG_ANALYZER_NONNULL = YES;
				CLANG_ANALYZER_NUMBER_OBJECT_CONVERSION = YES_AGGRESSIVE;
				CLANG_CXX_LANGUAGE_STANDARD = "gnu++14";
				CLANG_CXX_LIBRARY = "libc++";
				CLANG_ENABLE_MODULES = YES;
				CLANG_ENABLE_OBJC_ARC = YES;
				CLANG_WARN_BLOCK_CAPTURE_AUTORELEASING = YES;
				CLANG_WARN_BOOL_CONVERSION = YES;
				CLANG_WARN_COMMA = YES;
				CLANG_WARN_CONSTANT_CONVERSION = YES;
				CLANG_WARN_DIRECT_OBJC_ISA_USAGE = YES_ERROR;
				CLANG_WARN_DOCUMENTATION_COMMENTS = YES;
				CLANG_WARN_EMPTY_BODY = YES;
				CLANG_WARN_ENUM_CONVERSION = YES;
				CLANG_WARN_INFINITE_RECURSION = YES;
				CLANG_WARN_INT_CONVERSION = YES;
				CLANG_WARN_NON_LITERAL_NULL_CONVERSION = YES;
				CLANG_WARN_OBJC_LITERAL_CONVERSION = YES;
				CLANG_WARN_OBJC_ROOT_CLASS = YES_ERROR;
				CLANG_WARN_RANGE_LOOP_ANALYSIS = YES;
				CLANG_WARN_STRICT_PROTOTYPES = YES;
				CLANG_WARN_SUSPICIOUS_MOVE = YES;
				CLANG_WARN_UNGUARDED_AVAILABILITY = YES_AGGRESSIVE;
				CLANG_WARN_UNREACHABLE_CODE = YES;
				CLANG_WARN__DUPLICATE_METHOD_MATCH = YES;
				CODE_SIGN_IDENTITY = "iPhone Developer";
				COPY_PHASE_STRIP = NO;
				DEBUG_INFORMATION_FORMAT = dwarf;
				ENABLE_STRICT_OBJC_MSGSEND = YES;
				ENABLE_TESTABILITY = YES;
				GCC_C_LANGUAGE_STANDARD = gnu11;
				GCC_DYNAMIC_NO_PIC = NO;
				GCC_NO_COMMON_BLOCKS = YES;
				GCC_OPTIMIZATION_LEVEL = 0;
				GCC_PREPROCESSOR_DEFINITIONS = (
					"DEBUG=1",
					"$(inherited)",
				);
				GCC_WARN_64_TO_32_BIT_CONVERSION = YES;
				GCC_WARN_ABOUT_RETURN_TYPE = YES_ERROR;
				GCC_WARN_UNDECLARED_SELECTOR = YES;
				GCC_WARN_UNINITIALIZED_AUTOS = YES_AGGRESSIVE;
				GCC_WARN_UNUSED_FUNCTION = YES;
				GCC_WARN_UNUSED_VARIABLE = YES;
				IPHONEOS_DEPLOYMENT_TARGET = 11.2;
				MTL_ENABLE_DEBUG_INFO = YES;
				ONLY_ACTIVE_ARCH = YES;
				SDKROOT = iphoneos;
				SWIFT_ACTIVE_COMPILATION_CONDITIONS = DEBUG;
				SWIFT_OPTIMIZATION_LEVEL = "-Onone";
			};
			name = Debug;
		};
		4831D51A203F094800D65F25 /* Release */ = {
			isa = XCBuildConfiguration;
			buildSettings = {
				ALWAYS_SEARCH_USER_PATHS = NO;
				CLANG_ANALYZER_NONNULL = YES;
				CLANG_ANALYZER_NUMBER_OBJECT_CONVERSION = YES_AGGRESSIVE;
				CLANG_CXX_LANGUAGE_STANDARD = "gnu++14";
				CLANG_CXX_LIBRARY = "libc++";
				CLANG_ENABLE_MODULES = YES;
				CLANG_ENABLE_OBJC_ARC = YES;
				CLANG_WARN_BLOCK_CAPTURE_AUTORELEASING = YES;
				CLANG_WARN_BOOL_CONVERSION = YES;
				CLANG_WARN_COMMA = YES;
				CLANG_WARN_CONSTANT_CONVERSION = YES;
				CLANG_WARN_DIRECT_OBJC_ISA_USAGE = YES_ERROR;
				CLANG_WARN_DOCUMENTATION_COMMENTS = YES;
				CLANG_WARN_EMPTY_BODY = YES;
				CLANG_WARN_ENUM_CONVERSION = YES;
				CLANG_WARN_INFINITE_RECURSION = YES;
				CLANG_WARN_INT_CONVERSION = YES;
				CLANG_WARN_NON_LITERAL_NULL_CONVERSION = YES;
				CLANG_WARN_OBJC_LITERAL_CONVERSION = YES;
				CLANG_WARN_OBJC_ROOT_CLASS = YES_ERROR;
				CLANG_WARN_RANGE_LOOP_ANALYSIS = YES;
				CLANG_WARN_STRICT_PROTOTYPES = YES;
				CLANG_WARN_SUSPICIOUS_MOVE = YES;
				CLANG_WARN_UNGUARDED_AVAILABILITY = YES_AGGRESSIVE;
				CLANG_WARN_UNREACHABLE_CODE = YES;
				CLANG_WARN__DUPLICATE_METHOD_MATCH = YES;
				CODE_SIGN_IDENTITY = "iPhone Developer";
				COPY_PHASE_STRIP = NO;
				DEBUG_INFORMATION_FORMAT = "dwarf-with-dsym";
				ENABLE_NS_ASSERTIONS = NO;
				ENABLE_STRICT_OBJC_MSGSEND = YES;
				GCC_C_LANGUAGE_STANDARD = gnu11;
				GCC_NO_COMMON_BLOCKS = YES;
				GCC_WARN_64_TO_32_BIT_CONVERSION = YES;
				GCC_WARN_ABOUT_RETURN_TYPE = YES_ERROR;
				GCC_WARN_UNDECLARED_SELECTOR = YES;
				GCC_WARN_UNINITIALIZED_AUTOS = YES_AGGRESSIVE;
				GCC_WARN_UNUSED_FUNCTION = YES;
				GCC_WARN_UNUSED_VARIABLE = YES;
				IPHONEOS_DEPLOYMENT_TARGET = 11.2;
				MTL_ENABLE_DEBUG_INFO = NO;
				SDKROOT = iphoneos;
				SWIFT_OPTIMIZATION_LEVEL = "-Owholemodule";
				VALIDATE_PRODUCT = YES;
			};
			name = Release;
		};
		4831D51C203F094800D65F25 /* Debug */ = {
			isa = XCBuildConfiguration;
			buildSettings = {
				ASSETCATALOG_COMPILER_APPICON_NAME = AppIcon;
				CODE_SIGN_STYLE = Automatic;
				DEVELOPMENT_TEAM = B834GP8647;
				INFOPLIST_FILE = "mcdonald Locator/Info.plist";
				LD_RUNPATH_SEARCH_PATHS = "$(inherited) @executable_path/Frameworks";
				PRODUCT_BUNDLE_IDENTIFIER = "ks.mcdonald-Locator";
				PRODUCT_NAME = "$(TARGET_NAME)";
				SWIFT_VERSION = 4.0;
				TARGETED_DEVICE_FAMILY = "1,2";
			};
			name = Debug;
		};
		4831D51D203F094800D65F25 /* Release */ = {
			isa = XCBuildConfiguration;
			buildSettings = {
				ASSETCATALOG_COMPILER_APPICON_NAME = AppIcon;
				CODE_SIGN_STYLE = Automatic;
				DEVELOPMENT_TEAM = B834GP8647;
				INFOPLIST_FILE = "mcdonald Locator/Info.plist";
				LD_RUNPATH_SEARCH_PATHS = "$(inherited) @executable_path/Frameworks";
				PRODUCT_BUNDLE_IDENTIFIER = "ks.mcdonald-Locator";
				PRODUCT_NAME = "$(TARGET_NAME)";
				SWIFT_VERSION = 4.0;
				TARGETED_DEVICE_FAMILY = "1,2";
			};
			name = Release;
		};
		4831D51F203F094800D65F25 /* Debug */ = {
			isa = XCBuildConfiguration;
			buildSettings = {
				ALWAYS_EMBED_SWIFT_STANDARD_LIBRARIES = YES;
				BUNDLE_LOADER = "$(TEST_HOST)";
				CODE_SIGN_STYLE = Automatic;
				DEVELOPMENT_TEAM = B834GP8647;
				INFOPLIST_FILE = "mcdonald LocatorTests/Info.plist";
				LD_RUNPATH_SEARCH_PATHS = "$(inherited) @executable_path/Frameworks @loader_path/Frameworks";
				PRODUCT_BUNDLE_IDENTIFIER = "ks.mcdonald-LocatorTests";
				PRODUCT_NAME = "$(TARGET_NAME)";
				SWIFT_VERSION = 4.0;
				TARGETED_DEVICE_FAMILY = "1,2";
				TEST_HOST = "$(BUILT_PRODUCTS_DIR)/mcdonald Locator.app/mcdonald Locator";
			};
			name = Debug;
		};
		4831D520203F094800D65F25 /* Release */ = {
			isa = XCBuildConfiguration;
			buildSettings = {
				ALWAYS_EMBED_SWIFT_STANDARD_LIBRARIES = YES;
				BUNDLE_LOADER = "$(TEST_HOST)";
				CODE_SIGN_STYLE = Automatic;
				DEVELOPMENT_TEAM = B834GP8647;
				INFOPLIST_FILE = "mcdonald LocatorTests/Info.plist";
				LD_RUNPATH_SEARCH_PATHS = "$(inherited) @executable_path/Frameworks @loader_path/Frameworks";
				PRODUCT_BUNDLE_IDENTIFIER = "ks.mcdonald-LocatorTests";
				PRODUCT_NAME = "$(TARGET_NAME)";
				SWIFT_VERSION = 4.0;
				TARGETED_DEVICE_FAMILY = "1,2";
				TEST_HOST = "$(BUILT_PRODUCTS_DIR)/mcdonald Locator.app/mcdonald Locator";
			};
			name = Release;
		};
		4831D522203F094800D65F25 /* Debug */ = {
			isa = XCBuildConfiguration;
			buildSettings = {
				ALWAYS_EMBED_SWIFT_STANDARD_LIBRARIES = YES;
				CODE_SIGN_STYLE = Automatic;
				DEVELOPMENT_TEAM = B834GP8647;
				INFOPLIST_FILE = "mcdonald LocatorUITests/Info.plist";
				LD_RUNPATH_SEARCH_PATHS = "$(inherited) @executable_path/Frameworks @loader_path/Frameworks";
				PRODUCT_BUNDLE_IDENTIFIER = "ks.mcdonald-LocatorUITests";
				PRODUCT_NAME = "$(TARGET_NAME)";
				SWIFT_VERSION = 4.0;
				TARGETED_DEVICE_FAMILY = "1,2";
				TEST_TARGET_NAME = "mcdonald Locator";
			};
			name = Debug;
		};
		4831D523203F094800D65F25 /* Release */ = {
			isa = XCBuildConfiguration;
			buildSettings = {
				ALWAYS_EMBED_SWIFT_STANDARD_LIBRARIES = YES;
				CODE_SIGN_STYLE = Automatic;
				DEVELOPMENT_TEAM = B834GP8647;
				INFOPLIST_FILE = "mcdonald LocatorUITests/Info.plist";
				LD_RUNPATH_SEARCH_PATHS = "$(inherited) @executable_path/Frameworks @loader_path/Frameworks";
				PRODUCT_BUNDLE_IDENTIFIER = "ks.mcdonald-LocatorUITests";
				PRODUCT_NAME = "$(TARGET_NAME)";
				SWIFT_VERSION = 4.0;
				TARGETED_DEVICE_FAMILY = "1,2";
				TEST_TARGET_NAME = "mcdonald Locator";
			};
			name = Release;
		};
/* End XCBuildConfiguration section */

/* Begin XCConfigurationList section */
		4831D4EB203F094800D65F25 /* Build configuration list for PBXProject "mcdonald Locator" */ = {
			isa = XCConfigurationList;
			buildConfigurations = (
				4831D519203F094800D65F25 /* Debug */,
				4831D51A203F094800D65F25 /* Release */,
			);
			defaultConfigurationIsVisible = 0;
			defaultConfigurationName = Release;
		};
		4831D51B203F094800D65F25 /* Build configuration list for PBXNativeTarget "mcdonald Locator" */ = {
			isa = XCConfigurationList;
			buildConfigurations = (
				4831D51C203F094800D65F25 /* Debug */,
				4831D51D203F094800D65F25 /* Release */,
			);
			defaultConfigurationIsVisible = 0;
			defaultConfigurationName = Release;
		};
		4831D51E203F094800D65F25 /* Build configuration list for PBXNativeTarget "mcdonald LocatorTests" */ = {
			isa = XCConfigurationList;
			buildConfigurations = (
				4831D51F203F094800D65F25 /* Debug */,
				4831D520203F094800D65F25 /* Release */,
			);
			defaultConfigurationIsVisible = 0;
			defaultConfigurationName = Release;
		};
		4831D521203F094800D65F25 /* Build configuration list for PBXNativeTarget "mcdonald LocatorUITests" */ = {
			isa = XCConfigurationList;
			buildConfigurations = (
				4831D522203F094800D65F25 /* Debug */,
				4831D523203F094800D65F25 /* Release */,
			);
			defaultConfigurationIsVisible = 0;
			defaultConfigurationName = Release;
		};
/* End XCConfigurationList section */

/* Begin XCVersionGroup section */
		4831D4FA203F094800D65F25 /* mcdonald_Locator.xcdatamodeld */ = {
			isa = XCVersionGroup;
			children = (
				4831D4FB203F094800D65F25 /* mcdonald_Locator.xcdatamodel */,
			);
			currentVersion = 4831D4FB203F094800D65F25 /* mcdonald_Locator.xcdatamodel */;
			path = mcdonald_Locator.xcdatamodeld;
			sourceTree = "<group>";
			versionGroupType = wrapper.xcdatamodel;
		};
/* End XCVersionGroup section */
	};
	rootObject = 4831D4E8203F094800D65F25 /* Project object */;
}
